
Microsoft Visual Studio Solution File, Format Version 12.00
# Visual Studio 15
VisualStudioVersion = 15.0.28010.0
MinimumVisualStudioVersion = 10.0.40219.1
Project("{9A19103F-16F7-4668-BE54-9A1E7A4F7556}") = "Consumer", "Consumer\Consumer.csproj", "{F84AC606-966C-4522-A17E-C54F853DF619}"
EndProject
Project("{9A19103F-16F7-4668-BE54-9A1E7A4F7556}") = "Provider", "Provider\Provider.csproj", "{FDC033F7-B327-4A81-8321-3772650E4A96}"
EndProject
Global
	GlobalSection(SolutionConfigurationPlatforms) = preSolution
		Debug|Any CPU = Debug|Any CPU
		Release|Any CPU = Release|Any CPU
	EndGlobalSection
	GlobalSection(ProjectConfigurationPlatforms) = postSolution
		{F84AC606-966C-4522-A17E-C54F853DF619}.Debug|Any CPU.ActiveCfg = Debug|Any CPU
		{F84AC606-966C-4522-A17E-C54F853DF619}.Debug|Any CPU.Build.0 = Debug|Any CPU
		{F84AC606-966C-4522-A17E-C54F853DF619}.Release|Any CPU.ActiveCfg = Release|Any CPU
		{F84AC606-966C-4522-A17E-C54F853DF619}.Release|Any CPU.Build.0 = Release|Any CPU
		{FDC033F7-B327-4A81-8321-3772650E4A96}.Debug|Any CPU.ActiveCfg = Debug|Any CPU
		{FDC033F7-B327-4A81-8321-3772650E4A96}.Debug|Any CPU.Build.0 = Debug|Any CPU
		{FDC033F7-B327-4A81-8321-3772650E4A96}.Release|Any CPU.ActiveCfg = Release|Any CPU
		{FDC033F7-B327-4A81-8321-3772650E4A96}.Release|Any CPU.Build.0 = Release|Any CPU
	EndGlobalSection
	GlobalSection(SolutionProperties) = preSolution
		HideSolutionNode = FALSE
	EndGlobalSection
	GlobalSection(ExtensibilityGlobals) = postSolution
		SolutionGuid = {4353CABB-3549-4C53-A29E-1162B73DC87F}
	EndGlobalSection
EndGlobal
